
Microsoft Visual Studio Solution File, Format Version 12.00
# Visual Studio Version 17
VisualStudioVersion = 17.4.33213.308
MinimumVisualStudioVersion = 10.0.40219.1
Project("{9A19103F-16F7-4668-BE54-9A1E7A4F7556}") = "Cw06.09.2023", "Cw06.09.2023\Cw06.09.2023.csproj", "{AAF2F17F-F001-45B0-A61B-D07AD2B8641D}"
EndProject
Project("{9A19103F-16F7-4668-BE54-9A1E7A4F7556}") = "CW06.09.2023.2", "CW06.09.2023.2\CW06.09.2023.2.csproj", "{93D3FF1A-03A2-4A01-B228-2F180A17503E}"
EndProject
Project("{9A19103F-16F7-4668-BE54-9A1E7A4F7556}") = "Cw08.09.2023", "Cw08.09.2023\Cw08.09.2023.csproj", "{7547C956-5714-4F97-9E5C-34FD7601A82B}"
EndProject
Project("{9A19103F-16F7-4668-BE54-9A1E7A4F7556}") = "Cw11.09.2023", "Cw11.09.2023\Cw11.09.2023.csproj", "{985F1B13-3BC3-476A-AFFB-1D6513595396}"
EndProject
Project("{9A19103F-16F7-4668-BE54-9A1E7A4F7556}") = "Cw13.09.2023", "Cw13.09.2023\Cw13.09.2023.csproj", "{54844AFE-5788-4D77-9DA7-218921201291}"
EndProject
Project("{9A19103F-16F7-4668-BE54-9A1E7A4F7556}") = "Cw15.09.2023", "Cw15.09.2023\Cw15.09.2023.csproj", "{C407E5A5-D9E2-4A0D-A54B-967483FA827E}"
EndProject
Project("{9A19103F-16F7-4668-BE54-9A1E7A4F7556}") = "CW18.09.2023.1", "CW18.09.2023\CW18.09.2023.1.csproj", "{6AAA52AF-3E9C-46C8-9254-B594AF30CE68}"
EndProject
Project("{9A19103F-16F7-4668-BE54-9A1E7A4F7556}") = "Cw18.09.2023.2", "Cw18.09.2023.2\Cw18.09.2023.2.csproj", "{6830E9DD-1718-4DA6-BBC6-8B81BD626CE1}"
EndProject
Project("{FAE04EC0-301F-11D3-BF4B-00C04F79EFBC}") = "ZhaduvannyaMunyloho", "ZhaduvannyaMunyloho\ZhaduvannyaMunyloho.csproj", "{74FA4E87-0227-4044-97DE-45081321127C}"
EndProject
Global
	GlobalSection(SolutionConfigurationPlatforms) = preSolution
		Debug|Any CPU = Debug|Any CPU
		Release|Any CPU = Release|Any CPU
	EndGlobalSection
	GlobalSection(ProjectConfigurationPlatforms) = postSolution
		{AAF2F17F-F001-45B0-A61B-D07AD2B8641D}.Debug|Any CPU.ActiveCfg = Debug|Any CPU
		{AAF2F17F-F001-45B0-A61B-D07AD2B8641D}.Debug|Any CPU.Build.0 = Debug|Any CPU
		{AAF2F17F-F001-45B0-A61B-D07AD2B8641D}.Release|Any CPU.ActiveCfg = Release|Any CPU
		{AAF2F17F-F001-45B0-A61B-D07AD2B8641D}.Release|Any CPU.Build.0 = Release|Any CPU
		{93D3FF1A-03A2-4A01-B228-2F180A17503E}.Debug|Any CPU.ActiveCfg = Debug|Any CPU
		{93D3FF1A-03A2-4A01-B228-2F180A17503E}.Debug|Any CPU.Build.0 = Debug|Any CPU
		{93D3FF1A-03A2-4A01-B228-2F180A17503E}.Release|Any CPU.ActiveCfg = Release|Any CPU
		{93D3FF1A-03A2-4A01-B228-2F180A17503E}.Release|Any CPU.Build.0 = Release|Any CPU
		{7547C956-5714-4F97-9E5C-34FD7601A82B}.Debug|Any CPU.ActiveCfg = Debug|Any CPU
		{7547C956-5714-4F97-9E5C-34FD7601A82B}.Debug|Any CPU.Build.0 = Debug|Any CPU
		{7547C956-5714-4F97-9E5C-34FD7601A82B}.Release|Any CPU.ActiveCfg = Release|Any CPU
		{7547C956-5714-4F97-9E5C-34FD7601A82B}.Release|Any CPU.Build.0 = Release|Any CPU
		{985F1B13-3BC3-476A-AFFB-1D6513595396}.Debug|Any CPU.ActiveCfg = Debug|Any CPU
		{985F1B13-3BC3-476A-AFFB-1D6513595396}.Debug|Any CPU.Build.0 = Debug|Any CPU
		{985F1B13-3BC3-476A-AFFB-1D6513595396}.Release|Any CPU.ActiveCfg = Release|Any CPU
		{985F1B13-3BC3-476A-AFFB-1D6513595396}.Release|Any CPU.Build.0 = Release|Any CPU
		{54844AFE-5788-4D77-9DA7-218921201291}.Debug|Any CPU.ActiveCfg = Debug|Any CPU
		{54844AFE-5788-4D77-9DA7-218921201291}.Debug|Any CPU.Build.0 = Debug|Any CPU
		{54844AFE-5788-4D77-9DA7-218921201291}.Release|Any CPU.ActiveCfg = Release|Any CPU
		{54844AFE-5788-4D77-9DA7-218921201291}.Release|Any CPU.Build.0 = Release|Any CPU
		{C407E5A5-D9E2-4A0D-A54B-967483FA827E}.Debug|Any CPU.ActiveCfg = Debug|Any CPU
		{C407E5A5-D9E2-4A0D-A54B-967483FA827E}.Debug|Any CPU.Build.0 = Debug|Any CPU
		{C407E5A5-D9E2-4A0D-A54B-967483FA827E}.Release|Any CPU.ActiveCfg = Release|Any CPU
		{C407E5A5-D9E2-4A0D-A54B-967483FA827E}.Release|Any CPU.Build.0 = Release|Any CPU
		{6AAA52AF-3E9C-46C8-9254-B594AF30CE68}.Debug|Any CPU.ActiveCfg = Debug|Any CPU
		{6AAA52AF-3E9C-46C8-9254-B594AF30CE68}.Debug|Any CPU.Build.0 = Debug|Any CPU
		{6AAA52AF-3E9C-46C8-9254-B594AF30CE68}.Release|Any CPU.ActiveCfg = Release|Any CPU
		{6AAA52AF-3E9C-46C8-9254-B594AF30CE68}.Release|Any CPU.Build.0 = Release|Any CPU
		{6830E9DD-1718-4DA6-BBC6-8B81BD626CE1}.Debug|Any CPU.ActiveCfg = Debug|Any CPU
		{6830E9DD-1718-4DA6-BBC6-8B81BD626CE1}.Debug|Any CPU.Build.0 = Debug|Any CPU
		{6830E9DD-1718-4DA6-BBC6-8B81BD626CE1}.Release|Any CPU.ActiveCfg = Release|Any CPU
		{6830E9DD-1718-4DA6-BBC6-8B81BD626CE1}.Release|Any CPU.Build.0 = Release|Any CPU
		{74FA4E87-0227-4044-97DE-45081321127C}.Debug|Any CPU.ActiveCfg = Debug|Any CPU
		{74FA4E87-0227-4044-97DE-45081321127C}.Debug|Any CPU.Build.0 = Debug|Any CPU
		{74FA4E87-0227-4044-97DE-45081321127C}.Release|Any CPU.ActiveCfg = Release|Any CPU
		{74FA4E87-0227-4044-97DE-45081321127C}.Release|Any CPU.Build.0 = Release|Any CPU
	EndGlobalSection
	GlobalSection(SolutionProperties) = preSolution
		HideSolutionNode = FALSE
	EndGlobalSection
	GlobalSection(ExtensibilityGlobals) = postSolution
		SolutionGuid = {09E7021E-2D72-4264-BC22-AE3BC9612C0D}
	EndGlobalSection
EndGlobal
