
Microsoft Visual Studio Solution File, Format Version 12.00
# Visual Studio Version 17
VisualStudioVersion = 17.4.33213.308
MinimumVisualStudioVersion = 10.0.40219.1
Project("{9A19103F-16F7-4668-BE54-9A1E7A4F7556}") = "Cw06.09.2023", "Cw06.09.2023\Cw06.09.2023.csproj", "{AAF2F17F-F001-45B0-A61B-D07AD2B8641D}"
EndProject
Project("{9A19103F-16F7-4668-BE54-9A1E7A4F7556}") = "CW06.09.2023.2", "CW06.09.2023.2\CW06.09.2023.2.csproj", "{93D3FF1A-03A2-4A01-B228-2F180A17503E}"
EndProject
Project("{9A19103F-16F7-4668-BE54-9A1E7A4F7556}") = "Cw08.09.2023", "Cw08.09.2023\Cw08.09.2023.csproj", "{7547C956-5714-4F97-9E5C-34FD7601A82B}"
EndProject
Project("{FAE04EC0-301F-11D3-BF4B-00C04F79EFBC}") = "Cw11.09.2023", "Cw11.09.2023\Cw11.09.2023.csproj", "{985F1B13-3BC3-476A-AFFB-1D6513595396}"
EndProject
Global
	GlobalSection(SolutionConfigurationPlatforms) = preSolution
		Debug|Any CPU = Debug|Any CPU
		Release|Any CPU = Release|Any CPU
	EndGlobalSection
	GlobalSection(ProjectConfigurationPlatforms) = postSolution
		{AAF2F17F-F001-45B0-A61B-D07AD2B8641D}.Debug|Any CPU.ActiveCfg = Debug|Any CPU
		{AAF2F17F-F001-45B0-A61B-D07AD2B8641D}.Debug|Any CPU.Build.0 = Debug|Any CPU
		{AAF2F17F-F001-45B0-A61B-D07AD2B8641D}.Release|Any CPU.ActiveCfg = Release|Any CPU
		{AAF2F17F-F001-45B0-A61B-D07AD2B8641D}.Release|Any CPU.Build.0 = Release|Any CPU
		{93D3FF1A-03A2-4A01-B228-2F180A17503E}.Debug|Any CPU.ActiveCfg = Debug|Any CPU
		{93D3FF1A-03A2-4A01-B228-2F180A17503E}.Debug|Any CPU.Build.0 = Debug|Any CPU
		{93D3FF1A-03A2-4A01-B228-2F180A17503E}.Release|Any CPU.ActiveCfg = Release|Any CPU
		{93D3FF1A-03A2-4A01-B228-2F180A17503E}.Release|Any CPU.Build.0 = Release|Any CPU
		{7547C956-5714-4F97-9E5C-34FD7601A82B}.Debug|Any CPU.ActiveCfg = Debug|Any CPU
		{7547C956-5714-4F97-9E5C-34FD7601A82B}.Debug|Any CPU.Build.0 = Debug|Any CPU
		{7547C956-5714-4F97-9E5C-34FD7601A82B}.Release|Any CPU.ActiveCfg = Release|Any CPU
		{7547C956-5714-4F97-9E5C-34FD7601A82B}.Release|Any CPU.Build.0 = Release|Any CPU
		{985F1B13-3BC3-476A-AFFB-1D6513595396}.Debug|Any CPU.ActiveCfg = Debug|Any CPU
		{985F1B13-3BC3-476A-AFFB-1D6513595396}.Debug|Any CPU.Build.0 = Debug|Any CPU
		{985F1B13-3BC3-476A-AFFB-1D6513595396}.Release|Any CPU.ActiveCfg = Release|Any CPU
		{985F1B13-3BC3-476A-AFFB-1D6513595396}.Release|Any CPU.Build.0 = Release|Any CPU
	EndGlobalSection
	GlobalSection(SolutionProperties) = preSolution
		HideSolutionNode = FALSE
	EndGlobalSection
	GlobalSection(ExtensibilityGlobals) = postSolution
		SolutionGuid = {09E7021E-2D72-4264-BC22-AE3BC9612C0D}
	EndGlobalSection
EndGlobal
