
Microsoft Visual Studio Solution File, Format Version 12.00
# Visual Studio Version 17
VisualStudioVersion = 17.4.33213.308
MinimumVisualStudioVersion = 10.0.40219.1
Project("{FAE04EC0-301F-11D3-BF4B-00C04F79EFBC}") = "CW06.09.2023", "CW06.09.2023\CW06.09.2023.csproj", "{5B17103E-F641-465E-993D-C1E7477D14CF}"
EndProject
Global
	GlobalSection(SolutionConfigurationPlatforms) = preSolution
		Debug|Any CPU = Debug|Any CPU
		Release|Any CPU = Release|Any CPU
	EndGlobalSection
	GlobalSection(ProjectConfigurationPlatforms) = postSolution
		{5B17103E-F641-465E-993D-C1E7477D14CF}.Debug|Any CPU.ActiveCfg = Debug|Any CPU
		{5B17103E-F641-465E-993D-C1E7477D14CF}.Debug|Any CPU.Build.0 = Debug|Any CPU
		{5B17103E-F641-465E-993D-C1E7477D14CF}.Release|Any CPU.ActiveCfg = Release|Any CPU
		{5B17103E-F641-465E-993D-C1E7477D14CF}.Release|Any CPU.Build.0 = Release|Any CPU
	EndGlobalSection
	GlobalSection(SolutionProperties) = preSolution
		HideSolutionNode = FALSE
	EndGlobalSection
	GlobalSection(ExtensibilityGlobals) = postSolution
		SolutionGuid = {09E7021E-2D72-4264-BC22-AE3BC9612C0D}
	EndGlobalSection
EndGlobal
